schema: '2.0'
stages:
  train:
    cmd: python src/stages/train.py --config params.yaml
    deps:
    - path: results/tune/best_params.yaml
      hash: md5
      md5: 8bbf906f9f70175519914e879c9b44ca
      size: 54
    params:
      params.yaml:
        train:
          results_dir: results/train
          use_gpu: false
          num_workers: 2
          global_batch_size: 32
          epoch_size: 5
    outs:
    - path: results/train/model.pth
      hash: md5
      md5: 1a394ff62f452f961cfbd391aa3b5216
      size: 9792
  tune:
    cmd: python src/stages/tune.py --config params.yaml
    params:
      params.yaml:
        tune:
          run_tune: true
          epoch_size: 512
          test_size: 256
          results_dir: results/tune
    outs:
    - path: results/tune/best_params.yaml
      hash: md5
      md5: 8bbf906f9f70175519914e879c9b44ca
      size: 54
