schema: '2.0'
stages:
  train:
    cmd: python src/stages/train.py --config params.yaml
    deps:
    - path: results/tune/best_params.yaml
      hash: md5
      md5: 14495f408f5dcbdcae40648fed54762d
      size: 55
    params:
      params.yaml:
        train:
          results_dir: results/train
          use_gpu: false
          num_workers: 2
          global_batch_size: 32
          epoch_size: 5
    outs:
    - path: results/train/model.pth
      hash: md5
      md5: 6fafaa84e7f9c4ac127b2f7dd21645c2
      size: 9792
  tune:
    cmd: python src/stages/tune.py --config params.yaml
    params:
      params.yaml:
        tune:
          run_tune: true
          epoch_size: 512
          test_size: 256
          results_dir: results/tune
    outs:
    - path: results/tune/best_params.yaml
      hash: md5
      md5: 14495f408f5dcbdcae40648fed54762d
      size: 55
